
Microsoft Visual Studio Solution File, Format Version 12.00
# Visual Studio Version 16
VisualStudioVersion = 16.0.29215.179
MinimumVisualStudioVersion = 10.0.40219.1
Project("{FAE04EC0-301F-11D3-BF4B-00C04F79EFBC}") = "AlphabeticOrderToNumericOrderRenamer", "AlphabeticOrderToNumericOrderRenamer.csproj", "{EFDC26DB-1662-4309-AEBF-E68606688B78}"
EndProject
Global
	GlobalSection(SolutionConfigurationPlatforms) = preSolution
		Debug|Any CPU = Debug|Any CPU
		Release|Any CPU = Release|Any CPU
	EndGlobalSection
	GlobalSection(ProjectConfigurationPlatforms) = postSolution
		{EFDC26DB-1662-4309-AEBF-E68606688B78}.Debug|Any CPU.ActiveCfg = Debug|Any CPU
		{EFDC26DB-1662-4309-AEBF-E68606688B78}.Debug|Any CPU.Build.0 = Debug|Any CPU
		{EFDC26DB-1662-4309-AEBF-E68606688B78}.Release|Any CPU.ActiveCfg = Release|Any CPU
		{EFDC26DB-1662-4309-AEBF-E68606688B78}.Release|Any CPU.Build.0 = Release|Any CPU
	EndGlobalSection
	GlobalSection(SolutionProperties) = preSolution
		HideSolutionNode = FALSE
	EndGlobalSection
	GlobalSection(ExtensibilityGlobals) = postSolution
		SolutionGuid = {4CA77567-B5B9-48CB-9F00-C7522599D6AE}
	EndGlobalSection
EndGlobal
